
Microsoft Visual Studio Solution File, Format Version 12.00
# Visual Studio Version 17
VisualStudioVersion = 17.5.002.0
MinimumVisualStudioVersion = 10.0.40219.1
Project("{9A19103F-16F7-4668-BE54-9A1E7A4F7556}") = "PWA", "PWA.csproj", "{B63BED37-3BA4-4421-9280-3DAC8D41659F}"
EndProject
Global
	GlobalSection(SolutionConfigurationPlatforms) = preSolution
		Debug|Any CPU = Debug|Any CPU
		Release|Any CPU = Release|Any CPU
	EndGlobalSection
	GlobalSection(ProjectConfigurationPlatforms) = postSolution
		{B63BED37-3BA4-4421-9280-3DAC8D41659F}.Debug|Any CPU.ActiveCfg = Debug|Any CPU
		{B63BED37-3BA4-4421-9280-3DAC8D41659F}.Debug|Any CPU.Build.0 = Debug|Any CPU
		{B63BED37-3BA4-4421-9280-3DAC8D41659F}.Release|Any CPU.ActiveCfg = Release|Any CPU
		{B63BED37-3BA4-4421-9280-3DAC8D41659F}.Release|Any CPU.Build.0 = Release|Any CPU
	EndGlobalSection
	GlobalSection(SolutionProperties) = preSolution
		HideSolutionNode = FALSE
	EndGlobalSection
	GlobalSection(ExtensibilityGlobals) = postSolution
		SolutionGuid = {005A43F4-B16E-4169-B245-19510FCB7AF6}
	EndGlobalSection
EndGlobal
